
Microsoft Visual Studio Solution File, Format Version 12.00
# Visual Studio Version 18
VisualStudioVersion = 18.1.11304.174
MinimumVisualStudioVersion = 10.0.40219.1
Project("{2150E333-8FDC-42A3-9474-1A3956D46DE8}") = "src", "src", "{B7929EE1-EBF5-433D-B766-BCF37FF810EB}"
EndProject
Project("{9A19103F-16F7-4668-BE54-9A1E7A4F7556}") = "WebApi", "src\WebApi\WebApi.csproj", "{BC741213-9F22-4FE1-A509-816FF8BE5CA5}"
EndProject
Project("{9A19103F-16F7-4668-BE54-9A1E7A4F7556}") = "Application", "src\Application\Application.csproj", "{4688F7E9-645C-437E-9B7D-3EC6585DC883}"
EndProject
Project("{9A19103F-16F7-4668-BE54-9A1E7A4F7556}") = "Domain", "src\Domain\Domain.csproj", "{992A51B5-9B6C-4539-873C-D8202BE411CE}"
EndProject
Project("{9A19103F-16F7-4668-BE54-9A1E7A4F7556}") = "Infrastructure", "src\Infrastructure\Infrastructure.csproj", "{473643CF-1F1D-4DD9-8205-9AE77D844230}"
EndProject
Project("{2150E333-8FDC-42A3-9474-1A3956D46DE8}") = "Solution Items", "Solution Items", "{2860F4D7-A477-4288-BE93-682A3EA3CEF4}"
	ProjectSection(SolutionItems) = preProject
		README.md = README.md
	EndProjectSection
EndProject
Project("{2150E333-8FDC-42A3-9474-1A3956D46DE8}") = "docs", "docs", "{655079A3-DD40-4F95-8B77-69383C1C09FA}"
	ProjectSection(SolutionItems) = preProject
		docs\CreateTodoEntry.http = docs\CreateTodoEntry.http
		docs\GetTodoEntry.http = docs\GetTodoEntry.http
	EndProjectSection
EndProject
Global
	GlobalSection(SolutionConfigurationPlatforms) = preSolution
		Debug|Any CPU = Debug|Any CPU
		Release|Any CPU = Release|Any CPU
	EndGlobalSection
	GlobalSection(ProjectConfigurationPlatforms) = postSolution
		{BC741213-9F22-4FE1-A509-816FF8BE5CA5}.Debug|Any CPU.ActiveCfg = Debug|Any CPU
		{BC741213-9F22-4FE1-A509-816FF8BE5CA5}.Debug|Any CPU.Build.0 = Debug|Any CPU
		{BC741213-9F22-4FE1-A509-816FF8BE5CA5}.Release|Any CPU.ActiveCfg = Release|Any CPU
		{BC741213-9F22-4FE1-A509-816FF8BE5CA5}.Release|Any CPU.Build.0 = Release|Any CPU
		{4688F7E9-645C-437E-9B7D-3EC6585DC883}.Debug|Any CPU.ActiveCfg = Debug|Any CPU
		{4688F7E9-645C-437E-9B7D-3EC6585DC883}.Debug|Any CPU.Build.0 = Debug|Any CPU
		{4688F7E9-645C-437E-9B7D-3EC6585DC883}.Release|Any CPU.ActiveCfg = Release|Any CPU
		{4688F7E9-645C-437E-9B7D-3EC6585DC883}.Release|Any CPU.Build.0 = Release|Any CPU
		{992A51B5-9B6C-4539-873C-D8202BE411CE}.Debug|Any CPU.ActiveCfg = Debug|Any CPU
		{992A51B5-9B6C-4539-873C-D8202BE411CE}.Debug|Any CPU.Build.0 = Debug|Any CPU
		{992A51B5-9B6C-4539-873C-D8202BE411CE}.Release|Any CPU.ActiveCfg = Release|Any CPU
		{992A51B5-9B6C-4539-873C-D8202BE411CE}.Release|Any CPU.Build.0 = Release|Any CPU
		{473643CF-1F1D-4DD9-8205-9AE77D844230}.Debug|Any CPU.ActiveCfg = Debug|Any CPU
		{473643CF-1F1D-4DD9-8205-9AE77D844230}.Debug|Any CPU.Build.0 = Debug|Any CPU
		{473643CF-1F1D-4DD9-8205-9AE77D844230}.Release|Any CPU.ActiveCfg = Release|Any CPU
		{473643CF-1F1D-4DD9-8205-9AE77D844230}.Release|Any CPU.Build.0 = Release|Any CPU
	EndGlobalSection
	GlobalSection(SolutionProperties) = preSolution
		HideSolutionNode = FALSE
	EndGlobalSection
	GlobalSection(NestedProjects) = preSolution
		{BC741213-9F22-4FE1-A509-816FF8BE5CA5} = {B7929EE1-EBF5-433D-B766-BCF37FF810EB}
		{4688F7E9-645C-437E-9B7D-3EC6585DC883} = {B7929EE1-EBF5-433D-B766-BCF37FF810EB}
		{992A51B5-9B6C-4539-873C-D8202BE411CE} = {B7929EE1-EBF5-433D-B766-BCF37FF810EB}
		{473643CF-1F1D-4DD9-8205-9AE77D844230} = {B7929EE1-EBF5-433D-B766-BCF37FF810EB}
		{655079A3-DD40-4F95-8B77-69383C1C09FA} = {2860F4D7-A477-4288-BE93-682A3EA3CEF4}
	EndGlobalSection
	GlobalSection(ExtensibilityGlobals) = postSolution
		SolutionGuid = {0F2AE82C-4AEC-4369-8C66-26D56137F456}
	EndGlobalSection
EndGlobal
